
Microsoft Visual Studio Solution File, Format Version 12.00
# Visual Studio 15
VisualStudioVersion = 15.0.26730.16
MinimumVisualStudioVersion = 10.0.40219.1
Project("{8BC9CEB8-8B4A-11D0-8D11-00A0C91BC942}") = "IntegerVariableTypes", "IntegerVariableTypes\IntegerVariableTypes.vcxproj", "{8542F14C-876D-4888-A0E7-2C76C9CD55DA}"
EndProject
Global
	GlobalSection(SolutionConfigurationPlatforms) = preSolution
		Debug|x64 = Debug|x64
		Debug|x86 = Debug|x86
		Release|x64 = Release|x64
		Release|x86 = Release|x86
	EndGlobalSection
	GlobalSection(ProjectConfigurationPlatforms) = postSolution
		{8542F14C-876D-4888-A0E7-2C76C9CD55DA}.Debug|x64.ActiveCfg = Debug|x64
		{8542F14C-876D-4888-A0E7-2C76C9CD55DA}.Debug|x64.Build.0 = Debug|x64
		{8542F14C-876D-4888-A0E7-2C76C9CD55DA}.Debug|x86.ActiveCfg = Debug|Win32
		{8542F14C-876D-4888-A0E7-2C76C9CD55DA}.Debug|x86.Build.0 = Debug|Win32
		{8542F14C-876D-4888-A0E7-2C76C9CD55DA}.Release|x64.ActiveCfg = Release|x64
		{8542F14C-876D-4888-A0E7-2C76C9CD55DA}.Release|x64.Build.0 = Release|x64
		{8542F14C-876D-4888-A0E7-2C76C9CD55DA}.Release|x86.ActiveCfg = Release|Win32
		{8542F14C-876D-4888-A0E7-2C76C9CD55DA}.Release|x86.Build.0 = Release|Win32
	EndGlobalSection
	GlobalSection(SolutionProperties) = preSolution
		HideSolutionNode = FALSE
	EndGlobalSection
	GlobalSection(ExtensibilityGlobals) = postSolution
		SolutionGuid = {F6C5DFAF-6EFF-4047-8894-D9E04AF21A33}
	EndGlobalSection
EndGlobal
