
Microsoft Visual Studio Solution File, Format Version 12.00
# Visual Studio Version 16
VisualStudioVersion = 16.0.30204.135
MinimumVisualStudioVersion = 10.0.40219.1
Project("{8BC9CEB8-8B4A-11D0-8D11-00A0C91BC942}") = "IfStatements", "IfStatements\IfStatements.vcxproj", "{27412A18-AF83-4825-B091-F3465DA4B420}"
EndProject
Global
	GlobalSection(SolutionConfigurationPlatforms) = preSolution
		Debug|x64 = Debug|x64
		Debug|x86 = Debug|x86
		Release|x64 = Release|x64
		Release|x86 = Release|x86
	EndGlobalSection
	GlobalSection(ProjectConfigurationPlatforms) = postSolution
		{27412A18-AF83-4825-B091-F3465DA4B420}.Debug|x64.ActiveCfg = Debug|x64
		{27412A18-AF83-4825-B091-F3465DA4B420}.Debug|x64.Build.0 = Debug|x64
		{27412A18-AF83-4825-B091-F3465DA4B420}.Debug|x86.ActiveCfg = Debug|Win32
		{27412A18-AF83-4825-B091-F3465DA4B420}.Debug|x86.Build.0 = Debug|Win32
		{27412A18-AF83-4825-B091-F3465DA4B420}.Release|x64.ActiveCfg = Release|x64
		{27412A18-AF83-4825-B091-F3465DA4B420}.Release|x64.Build.0 = Release|x64
		{27412A18-AF83-4825-B091-F3465DA4B420}.Release|x86.ActiveCfg = Release|Win32
		{27412A18-AF83-4825-B091-F3465DA4B420}.Release|x86.Build.0 = Release|Win32
	EndGlobalSection
	GlobalSection(SolutionProperties) = preSolution
		HideSolutionNode = FALSE
	EndGlobalSection
	GlobalSection(ExtensibilityGlobals) = postSolution
		SolutionGuid = {37BAC71C-0C8C-4CA8-AE5C-BB5BD820F097}
	EndGlobalSection
EndGlobal
